// !$*UTF8*$!
{
	archiveVersion = 1;
	classes = {
	};
	objectVersion = 46;
	objects = {

/* Begin PBXBuildFile section */
		136901BD1C285ECC00E53021 /* AppDelegate.swift in Sources */ = {isa = PBXBuildFile; fileRef = 136901BC1C285ECC00E53021 /* AppDelegate.swift */; };
		136901BF1C285ECC00E53021 /* ViewController.swift in Sources */ = {isa = PBXBuildFile; fileRef = 136901BE1C285ECC00E53021 /* ViewController.swift */; };
		136901C21C285ECC00E53021 /* Main.storyboard in Resources */ = {isa = PBXBuildFile; fileRef = 136901C01C285ECC00E53021 /* Main.storyboard */; };
		136901C41C285ECC00E53021 /* Assets.xcassets in Resources */ = {isa = PBXBuildFile; fileRef = 136901C31C285ECC00E53021 /* Assets.xcassets */; };
		136901C71C285ECC00E53021 /* LaunchScreen.storyboard in Resources */ = {isa = PBXBuildFile; fileRef = 136901C51C285ECC00E53021 /* LaunchScreen.storyboard */; };
/* End PBXBuildFile section */

/* Begin PBXFileReference section */
		136901B91C285ECC00E53021 /* MultipeerIssue.app */ = {isa = PBXFileReference; explicitFileType = wrapper.application; includeInIndex = 0; path = MultipeerIssue.app; sourceTree = BUILT_PRODUCTS_DIR; };
		136901BC1C285ECC00E53021 /* AppDelegate.swift */ = {isa = PBXFileReference; lastKnownFileType = sourcecode.swift; path = AppDelegate.swift; sourceTree = "<group>"; };
		136901BE1C285ECC00E53021 /* ViewController.swift */ = {isa = PBXFileReference; lastKnownFileType = sourcecode.swift; path = ViewController.swift; sourceTree = "<group>"; };
		136901C11C285ECC00E53021 /* Base */ = {isa = PBXFileReference; lastKnownFileType = file.storyboard; name = Base; path = Base.lproj/Main.storyboard; sourceTree = "<group>"; };
		136901C31C285ECC00E53021 /* Assets.xcassets */ = {isa = PBXFileReference; lastKnownFileType = folder.assetcatalog; path = Assets.xcassets; sourceTree = "<group>"; };
		136901C61C285ECC00E53021 /* Base */ = {isa = PBXFileReference; lastKnownFileType = file.storyboard; name = Base; path = Base.lproj/LaunchScreen.storyboard; sourceTree = "<group>"; };
		136901C81C285ECC00E53021 /* Info.plist */ = {isa = PBXFileReference; lastKnownFileType = text.plist.xml; path = Info.plist; sourceTree = "<group>"; };
/* End PBXFileReference section */

/* Begin PBXFrameworksBuildPhase section */
		136901B61C285ECC00E53021 /* Frameworks */ = {
			isa = PBXFrameworksBuildPhase;
			buildActionMask = 2147483647;
			files = (
			);
			runOnlyForDeploymentPostprocessing = 0;
		};
/* End PBXFrameworksBuildPhase section */

/* Begin PBXGroup section */
		136901B01C285ECC00E53021 = {
			isa = PBXGroup;
			children = (
				136901BB1C285ECC00E53021 /* MultipeerIssue */,
				136901BA1C285ECC00E53021 /* Products */,
			);
			sourceTree = "<group>";
		};
		136901BA1C285ECC00E53021 /* Products */ = {
			isa = PBXGroup;
			children = (
				136901B91C285ECC00E53021 /* MultipeerIssue.app */,
			);
			name = Products;
			sourceTree = "<group>";
		};
		136901BB1C285ECC00E53021 /* MultipeerIssue */ = {
			isa = PBXGroup;
			children = (
				136901BC1C285ECC00E53021 /* AppDelegate.swift */,
				136901BE1C285ECC00E53021 /* ViewController.swift */,
				136901C01C285ECC00E53021 /* Main.storyboard */,
				136901C31C285ECC00E53021 /* Assets.xcassets */,
				136901C51C285ECC00E53021 /* LaunchScreen.storyboard */,
				136901C81C285ECC00E53021 /* Info.plist */,
			);
			path = MultipeerIssue;
			sourceTree = "<group>";
		};
/* End PBXGroup section */

/* Begin PBXNativeTarget section */
		136901B81C285ECC00E53021 /* MultipeerIssue */ = {
			isa = PBXNativeTarget;
			buildConfigurationList = 136901CB1C285ECC00E53021 /* Build configuration list for PBXNativeTarget "MultipeerIssue" */;
			buildPhases = (
				136901B51C285ECC00E53021 /* Sources */,
				136901B61C285ECC00E53021 /* Frameworks */,
				136901B71C285ECC00E53021 /* Resources */,
			);
			buildRules = (
			);
			dependencies = (
			);
			name = MultipeerIssue;
			productName = MultipeerIssue;
			productReference = 136901B91C285ECC00E53021 /* MultipeerIssue.app */;
			productType = "com.apple.product-type.application";
		};
/* End PBXNativeTarget section */

/* Begin PBXProject section */
		136901B11C285ECC00E53021 /* Project object */ = {
			isa = PBXProject;
			attributes = {
				LastSwiftUpdateCheck = 0720;
				LastUpgradeCheck = 0720;
				ORGANIZATIONNAME = jbuchacher;
				TargetAttributes = {
					136901B81C285ECC00E53021 = {
						CreatedOnToolsVersion = 7.2;
					};
				};
			};
			buildConfigurationList = 136901B41C285ECC00E53021 /* Build configuration list for PBXProject "MultipeerIssue" */;
			compatibilityVersion = "Xcode 3.2";
			developmentRegion = English;
			hasScannedForEncodings = 0;
			knownRegions = (
				en,
				Base,
			);
			mainGroup = 136901B01C285ECC00E53021;
			productRefGroup = 136901BA1C285ECC00E53021 /* Products */;
			projectDirPath = "";
			projectRoot = "";
			targets = (
				136901B81C285ECC00E53021 /* MultipeerIssue */,
			);
		};
/* End PBXProject section */

/* Begin PBXResourcesBuildPhase section */
		136901B71C285ECC00E53021 /* Resources */ = {
			isa = PBXResourcesBuildPhase;
			buildActionMask = 2147483647;
			files = (
				136901C71C285ECC00E53021 /* LaunchScreen.storyboard in Resources */,
				136901C41C285ECC00E53021 /* Assets.xcassets in Resources */,
				136901C21C285ECC00E53021 /* Main.storyboard in Resources */,
			);
			runOnlyForDeploymentPostprocessing = 0;
		};
/* End PBXResourcesBuildPhase section */

/* Begin PBXSourcesBuildPhase section */
		136901B51C285ECC00E53021 /* Sources */ = {
			isa = PBXSourcesBuildPhase;
			buildActionMask = 2147483647;
			files = (
				136901BF1C285ECC00E53021 /* ViewController.swift in Sources */,
				136901BD1C285ECC00E53021 /* AppDelegate.swift in Sources */,
			);
			runOnlyForDeploymentPostprocessing = 0;
		};
/* End PBXSourcesBuildPhase section */

/* Begin PBXVariantGroup section */
		136901C01C285ECC00E53021 /* Main.storyboard */ = {
			isa = PBXVariantGroup;
			children = (
				136901C11C285ECC00E53021 /* Base */,
			);
			name = Main.storyboard;
			sourceTree = "<group>";
		};
		136901C51C285ECC00E53021 /* LaunchScreen.storyboard */ = {
			isa = PBXVariantGroup;
			children = (
				136901C61C285ECC00E53021 /* Base */,
			);
			name = LaunchScreen.storyboard;
			sourceTree = "<group>";
		};
/* End PBXVariantGroup section */

/* Begin XCBuildConfiguration section */
		136901C91C285ECC00E53021 /* Debug */ = {
			isa = XCBuildConfiguration;
			buildSettings = {
				ALWAYS_SEARCH_USER_PATHS = NO;
				CLANG_CXX_LANGUAGE_STANDARD = "gnu++0x";
				CLANG_CXX_LIBRARY = "libc++";
				CLANG_ENABLE_MODULES = YES;
				CLANG_ENABLE_OBJC_ARC = YES;
				CLANG_WARN_BOOL_CONVERSION = YES;
				CLANG_WARN_CONSTANT_CONVERSION = YES;
				CLANG_WARN_DIRECT_OBJC_ISA_USAGE = YES_ERROR;
				CLANG_WARN_EMPTY_BODY = YES;
				CLANG_WARN_ENUM_CONVERSION = YES;
				CLANG_WARN_INT_CONVERSION = YES;
				CLANG_WARN_OBJC_ROOT_CLASS = YES_ERROR;
				CLANG_WARN_UNREACHABLE_CODE = YES;
				CLANG_WARN__DUPLICATE_METHOD_MATCH = YES;
				"CODE_SIGN_IDENTITY[sdk=iphoneos*]" = "iPhone Developer";
				COPY_PHASE_STRIP = NO;
				DEBUG_INFORMATION_FORMAT = dwarf;
				ENABLE_STRICT_OBJC_MSGSEND = YES;
				ENABLE_TESTABILITY = YES;
				GCC_C_LANGUAGE_STANDARD = gnu99;
				GCC_DYNAMIC_NO_PIC = NO;
				GCC_NO_COMMON_BLOCKS = YES;
				GCC_OPTIMIZATION_LEVEL = 0;
				GCC_PREPROCESSOR_DEFINITIONS = (
					"DEBUG=1",
					"$(inherited)",
				);
				GCC_WARN_64_TO_32_BIT_CONVERSION = YES;
				GCC_WARN_ABOUT_RETURN_TYPE = YES_ERROR;
				GCC_WARN_UNDECLARED_SELECTOR = YES;
				GCC_WARN_UNINITIALIZED_AUTOS = YES_AGGRESSIVE;
				GCC_WARN_UNUSED_FUNCTION = YES;
				GCC_WARN_UNUSED_VARIABLE = YES;
				IPHONEOS_DEPLOYMENT_TARGET = 9.2;
				MTL_ENABLE_DEBUG_INFO = YES;
				ONLY_ACTIVE_ARCH = YES;
				SDKROOT = iphoneos;
				SWIFT_OPTIMIZATION_LEVEL = "-Onone";
				TARGETED_DEVICE_FAMILY = "1,2";
			};
			name = Debug;
		};
		136901CA1C285ECC00E53021 /* Release */ = {
			isa = XCBuildConfiguration;
			buildSettings = {
				ALWAYS_SEARCH_USER_PATHS = NO;
				CLANG_CXX_LANGUAGE_STANDARD = "gnu++0x";
				CLANG_CXX_LIBRARY = "libc++";
				CLANG_ENABLE_MODULES = YES;
				CLANG_ENABLE_OBJC_ARC = YES;
				CLANG_WARN_BOOL_CONVERSION = YES;
				CLANG_WARN_CONSTANT_CONVERSION = YES;
				CLANG_WARN_DIRECT_OBJC_ISA_USAGE = YES_ERROR;
				CLANG_WARN_EMPTY_BODY = YES;
				CLANG_WARN_ENUM_CONVERSION = YES;
				CLANG_WARN_INT_CONVERSION = YES;
				CLANG_WARN_OBJC_ROOT_CLASS = YES_ERROR;
				CLANG_WARN_UNREACHABLE_CODE = YES;
				CLANG_WARN__DUPLICATE_METHOD_MATCH = YES;
				"CODE_SIGN_IDENTITY[sdk=iphoneos*]" = "iPhone Developer";
				COPY_PHASE_STRIP = NO;
				DEBUG_INFORMATION_FORMAT = "dwarf-with-dsym";
				ENABLE_NS_ASSERTIONS = NO;
				ENABLE_STRICT_OBJC_MSGSEND = YES;
				GCC_C_LANGUAGE_STANDARD = gnu99;
				GCC_NO_COMMON_BLOCKS = YES;
				GCC_WARN_64_TO_32_BIT_CONVERSION = YES;
				GCC_WARN_ABOUT_RETURN_TYPE = YES_ERROR;
				GCC_WARN_UNDECLARED_SELECTOR = YES;
				GCC_WARN_UNINITIALIZED_AUTOS = YES_AGGRESSIVE;
				GCC_WARN_UNUSED_FUNCTION = YES;
				GCC_WARN_UNUSED_VARIABLE = YES;
				IPHONEOS_DEPLOYMENT_TARGET = 9.2;
				MTL_ENABLE_DEBUG_INFO = NO;
				SDKROOT = iphoneos;
				TARGETED_DEVICE_FAMILY = "1,2";
				VALIDATE_PRODUCT = YES;
			};
			name = Release;
		};
		136901CC1C285ECC00E53021 /* Debug */ = {
			isa = XCBuildConfiguration;
			buildSettings = {
				ASSETCATALOG_COMPILER_APPICON_NAME = AppIcon;
				INFOPLIST_FILE = MultipeerIssue/Info.plist;
				LD_RUNPATH_SEARCH_PATHS = "$(inherited) @executable_path/Frameworks";
				PRODUCT_BUNDLE_IDENTIFIER = jbuchacher.MultipeerIssue;
				PRODUCT_NAME = "$(TARGET_NAME)";
			};
			name = Debug;
		};
		136901CD1C285ECC00E53021 /* Release */ = {
			isa = XCBuildConfiguration;
			buildSettings = {
				ASSETCATALOG_COMPILER_APPICON_NAME = AppIcon;
				INFOPLIST_FILE = MultipeerIssue/Info.plist;
				LD_RUNPATH_SEARCH_PATHS = "$(inherited) @executable_path/Frameworks";
				PRODUCT_BUNDLE_IDENTIFIER = jbuchacher.MultipeerIssue;
				PRODUCT_NAME = "$(TARGET_NAME)";
			};
			name = Release;
		};
/* End XCBuildConfiguration section */

/* Begin XCConfigurationList section */
		136901B41C285ECC00E53021 /* Build configuration list for PBXProject "MultipeerIssue" */ = {
			isa = XCConfigurationList;
			buildConfigurations = (
				136901C91C285ECC00E53021 /* Debug */,
				136901CA1C285ECC00E53021 /* Release */,
			);
			defaultConfigurationIsVisible = 0;
			defaultConfigurationName = Release;
		};
		136901CB1C285ECC00E53021 /* Build configuration list for PBXNativeTarget "MultipeerIssue" */ = {
			isa = XCConfigurationList;
			buildConfigurations = (
				136901CC1C285ECC00E53021 /* Debug */,
				136901CD1C285ECC00E53021 /* Release */,
			);
			defaultConfigurationIsVisible = 0;
		};
/* End XCConfigurationList section */
	};
	rootObject = 136901B11C285ECC00E53021 /* Project object */;
}
